
Microsoft Visual Studio Solution File, Format Version 12.00
# Visual Studio Version 17
VisualStudioVersion = 17.4.33403.182
MinimumVisualStudioVersion = 10.0.40219.1
Project("{FAE04EC0-301F-11D3-BF4B-00C04F79EFBC}") = "ProductionOrderFlowAPP", "OrderManagerAPP\ProductionOrderFlowAPP.csproj", "{1A621ADC-9390-4A84-B341-977B055E393A}"
EndProject
Project("{9A19103F-16F7-4668-BE54-9A1E7A4F7556}") = "ProductionOrderFlowAPI", "OrderManagerAPI\ProductionOrderFlowAPI.csproj", "{E54BA5C4-7D2F-432D-B377-FA908480D857}"
EndProject
Global
	GlobalSection(SolutionConfigurationPlatforms) = preSolution
		Debug|Any CPU = Debug|Any CPU
		Release|Any CPU = Release|Any CPU
	EndGlobalSection
	GlobalSection(ProjectConfigurationPlatforms) = postSolution
		{1A621ADC-9390-4A84-B341-977B055E393A}.Debug|Any CPU.ActiveCfg = Debug|Any CPU
		{1A621ADC-9390-4A84-B341-977B055E393A}.Debug|Any CPU.Build.0 = Debug|Any CPU
		{1A621ADC-9390-4A84-B341-977B055E393A}.Release|Any CPU.ActiveCfg = Release|Any CPU
		{1A621ADC-9390-4A84-B341-977B055E393A}.Release|Any CPU.Build.0 = Release|Any CPU
		{E54BA5C4-7D2F-432D-B377-FA908480D857}.Debug|Any CPU.ActiveCfg = Debug|Any CPU
		{E54BA5C4-7D2F-432D-B377-FA908480D857}.Debug|Any CPU.Build.0 = Debug|Any CPU
		{E54BA5C4-7D2F-432D-B377-FA908480D857}.Release|Any CPU.ActiveCfg = Release|Any CPU
		{E54BA5C4-7D2F-432D-B377-FA908480D857}.Release|Any CPU.Build.0 = Release|Any CPU
	EndGlobalSection
	GlobalSection(SolutionProperties) = preSolution
		HideSolutionNode = FALSE
	EndGlobalSection
	GlobalSection(ExtensibilityGlobals) = postSolution
		SolutionGuid = {046E7615-6403-4897-9E62-FA1C787E372C}
	EndGlobalSection
EndGlobal
